{
  "name": "openVRE-core-dev",
  "lockfileVersion": 3,
  "requires": true,
  "packages": {
    "node_modules/align-text": {
      "version": "0.1.4",
      "resolved": "https://registry.npmjs.org/align-text/-/align-text-0.1.4.tgz",
      "integrity": "sha512-GrTZLRpmp6wIC2ztrWW9MjjTgSKccffgFagbNDOX95/dcjEcYZibYTeaOntySQLcdw1ztBoFkviiUvTMbb9MYg==",
      "dependencies": {
        "kind-of": "^3.0.2",
        "longest": "^1.0.1",
        "repeat-string": "^1.5.2"
      },
      "engines": {
        "node": ">=0.10.0"
      }
    },
    "node_modules/almond": {
      "version": "0.3.3",
      "resolved": "https://registry.npmjs.org/almond/-/almond-0.3.3.tgz",
      "integrity": "sha512-Eh5QhyxrKnTI0OuGpwTRvzRrnu1NF3F2kbQJRwpXj/uMy0uycwqw2/RhdDrD1cBTD1JFFHFrxGIU8HQztowR0g==",
      "engines": {
        "node": ">=0.4.0"
      }
    },
    "node_modules/bootstrap": {
      "version": "3.3.6",
      "resolved": "https://registry.npmjs.org/bootstrap/-/bootstrap-3.3.6.tgz",
      "integrity": "sha512-XC+LTYJoVYHIalmjNcznwlZHY+YLhMJ9NPs8M2aEweugK7wMrto3h79POn7O5Vj/woDU/tjzmjyUbAd1HzSXIw==",
      "deprecated": "This version of Bootstrap is no longer supported. Please upgrade to the latest version.",
      "engines": {
        "node": ">=0.10.1"
      }
    },
    "node_modules/bootstrap-switch": {
      "version": "3.3.2",
      "resolved": "https://registry.npmjs.org/bootstrap-switch/-/bootstrap-switch-3.3.2.tgz",
      "integrity": "sha512-9ntjMDMeawsUAxp15DiO1po3kf1J8xSSENesgTLJc0j/HoB4wZ8ap8bk8LlazywDHh05E8740nue0LX2A98ZPw==",
      "dependencies": {
        "jquery": ">=1.9.0"
      }
    },
    "node_modules/camelcase": {
      "version": "1.2.1",
      "resolved": "https://registry.npmjs.org/camelcase/-/camelcase-1.2.1.tgz",
      "integrity": "sha512-wzLkDa4K/mzI1OSITC+DUyjgIl/ETNHE9QvYgy6J6Jvqyyz4C0Xfd+lQhb19sX2jMpZV4IssUn0VDVmglV+s4g==",
      "engines": {
        "node": ">=0.10.0"
      }
    },
    "node_modules/center-align": {
      "version": "0.1.3",
      "resolved": "https://registry.npmjs.org/center-align/-/center-align-0.1.3.tgz",
      "integrity": "sha512-Baz3aNe2gd2LP2qk5U+sDk/m4oSuwSDcBfayTCTBoWpfIGO5XFxPmjILQII4NGiZjD6DoDI6kf7gKaxkf7s3VQ==",
      "dependencies": {
        "align-text": "^0.1.3",
        "lazy-cache": "^1.0.3"
      },
      "engines": {
        "node": ">=0.10.0"
      }
    },
    "node_modules/clipboard": {
      "version": "1.5.12",
      "resolved": "https://registry.npmjs.org/clipboard/-/clipboard-1.5.12.tgz",
      "integrity": "sha512-2/7LvKjU4I82GCPnDw+aO54LdjXtpJKwelLf0TuwpBWp5dF0+qWD+BGaNm1tGts8faAigCKn64AoGFf3hIy8fg==",
      "dependencies": {
        "good-listener": "^1.1.6",
        "select": "^1.0.6",
        "tiny-emitter": "^1.0.0"
      }
    },
    "node_modules/cliui": {
      "version": "2.1.0",
      "resolved": "https://registry.npmjs.org/cliui/-/cliui-2.1.0.tgz",
      "integrity": "sha512-GIOYRizG+TGoc7Wgc1LiOTLare95R3mzKgoln+Q/lE4ceiYH19gUpl0l0Ffq4lJDEf3FxujMe6IBfOCs7pfqNA==",
      "dependencies": {
        "center-align": "^0.1.1",
        "right-align": "^0.1.1",
        "wordwrap": "0.0.2"
      }
    },
    "node_modules/codemirror": {
      "version": "5.6.0",
      "resolved": "https://registry.npmjs.org/codemirror/-/codemirror-5.6.0.tgz",
      "integrity": "sha512-FYhDHQl5yCrf23jV6YsuZyZrFsKLnRI1s9gflM2wy2BSqruWIyT7kFj7jeooSUXMWZD2amvcT7vgbo7SUuAIbg=="
    },
    "node_modules/counterup": {
      "version": "1.0.2",
      "resolved": "https://registry.npmjs.org/counterup/-/counterup-1.0.2.tgz",
      "integrity": "sha512-8xiAESq7fr8+I5mz0HW5aBoamdM/de16/cGMos5I5JewwbJfskLJgx+FtpgL83A04WmH89kA/11LpIUbWX5GLA==",
      "dependencies": {
        "jquery": ">=1.5",
        "waypoints": ">=2.0"
      }
    },
    "node_modules/datatables": {
      "version": "1.10.12",
      "resolved": "https://registry.npmjs.org/datatables/-/datatables-1.10.12.tgz",
      "integrity": "sha512-ltuLNIomP7sfoK3PZ1hEmYlFdaUBefBzU5ivA1Zi/mE6HTz5oWecErIimy8g9+er4S/gl8HIZl83vq63+rIEEA==",
      "dependencies": {
        "jquery": ">=1.7"
      }
    },
    "node_modules/decamelize": {
      "version": "1.2.0",
      "resolved": "https://registry.npmjs.org/decamelize/-/decamelize-1.2.0.tgz",
      "integrity": "sha512-z2S+W9X73hAUUki+N+9Za2lBlun89zigOyGrsax+KUQ6wKW4ZoWpEYBkGhQjwAjjDCkWxhY0VKEhk8wzY7F5cA==",
      "engines": {
        "node": ">=0.10.0"
      }
    },
    "node_modules/delegate": {
      "version": "3.2.0",
      "resolved": "https://registry.npmjs.org/delegate/-/delegate-3.2.0.tgz",
      "integrity": "sha512-IofjkYBZaZivn0V8nnsMJGBr4jVLxHDheKSW88PyxS5QC4Vo9ZbZVvhzlSxY87fVq3STR6r+4cGepyHkcWOQSw=="
    },
    "node_modules/dropzone": {
      "version": "3.8.4",
      "resolved": "https://registry.npmjs.org/dropzone/-/dropzone-3.8.4.tgz",
      "integrity": "sha512-sJJg40CIjaYbSgK+nio18czx92rPUDBE6fpADveP9RjCMoJZnYdJVvtsYMQVsgPOEMsxBVqxNBc7RiCoHG0byg=="
    },
    "node_modules/easy-pie-chart": {
      "version": "2.1.6",
      "resolved": "https://registry.npmjs.org/easy-pie-chart/-/easy-pie-chart-2.1.6.tgz",
      "integrity": "sha512-6DIzBInp5l3hi3JxQMA+iajbbBoVvDjFsIO+wbPnx06PoXcLYaSD3WTbg1c0j9kmNfzZ6UOJwylsI0eizAfF0g=="
    },
    "node_modules/fancybox": {
      "version": "2.1.5",
      "resolved": "https://registry.npmjs.org/fancybox/-/fancybox-2.1.5.tgz",
      "integrity": "sha512-jI/LDDd6GRb8+wHvVMqlf69zRRlF8QT5cMEBiD92IEIESBQryeKcdNuZMKhHMfL0OF3ZLXj5+OruGtfkdm0YQw=="
    },
    "node_modules/flot": {
      "version": "0.8.3",
      "resolved": "https://registry.npmjs.org/flot/-/flot-0.8.3.tgz",
      "integrity": "sha512-xg2otcTJDvS+ERK+my4wxG/ASq90QURXtoM4LhacCq0jQW2jbyjdttbRNqU2cPykrpMvJ6b2uSp6SAgYAzj9tQ=="
    },
    "node_modules/font-awesome": {
      "version": "4.7.0",
      "resolved": "https://registry.npmjs.org/font-awesome/-/font-awesome-4.7.0.tgz",
      "integrity": "sha512-U6kGnykA/6bFmg1M/oT9EkFeIYv7JlX3bozwQJWiiLz6L0w3F5vBVPxHlwyX/vtNq1ckcpRKOB9f2Qal/VtFpg==",
      "engines": {
        "node": ">=0.10.3"
      }
    },
    "node_modules/good-listener": {
      "version": "1.2.2",
      "resolved": "https://registry.npmjs.org/good-listener/-/good-listener-1.2.2.tgz",
      "integrity": "sha512-goW1b+d9q/HIwbVYZzZ6SsTr4IgE+WA44A0GmPIQstuOrgsFcT7VEJ48nmr9GaRtNu0XTKacFLGnBPAM6Afouw==",
      "dependencies": {
        "delegate": "^3.1.2"
      }
    },
    "node_modules/is-buffer": {
      "version": "1.1.6",
      "resolved": "https://registry.npmjs.org/is-buffer/-/is-buffer-1.1.6.tgz",
      "integrity": "sha512-NcdALwpXkTm5Zvvbk7owOUSvVvBKDgKP5/ewfXEznmQFfs4ZRmanOeKBTjRVjka3QFoN6XJ+9F3USqfHqTaU5w=="
    },
    "node_modules/jquery": {
      "version": "1.12.1",
      "resolved": "https://registry.npmjs.org/jquery/-/jquery-1.12.1.tgz",
      "integrity": "sha512-mxtI+UjxLlh9HztuA/F6X/9lv8H8qRfRkZWDLQaE8ijQRLDj25OXMxyzuL34Sy7JWMfYMw2PzcmljuIigRJb2A==",
      "deprecated": "This version is deprecated. Please upgrade to the latest version or find support at https://www.herodevs.com/support/jquery-nes."
    },
    "node_modules/jquery-blockui": {
      "version": "2.7.0",
      "resolved": "https://registry.npmjs.org/jquery-blockui/-/jquery-blockui-2.7.0.tgz",
      "integrity": "sha512-lOiCCNYLaqUWMhBZRQ1GkeYAt2/4jX/1g9RvLYRvVtslaplGFnBLltffNAkkavjyPk6VintTj44Ky1yWrqxEzQ=="
    },
    "node_modules/jquery-knob": {
      "version": "1.2.11",
      "resolved": "https://registry.npmjs.org/jquery-knob/-/jquery-knob-1.2.11.tgz",
      "integrity": "sha512-gyeWDmtr2x8XJLSNS2JGNYDUNmfmMrwmFcGPDJ074jnPPvMYf3PJFud4/6AubCT8ahOY7UL4YvALtSwCrxtBBQ=="
    },
    "node_modules/jquery-mousewheel": {
      "version": "3.1.13",
      "resolved": "https://registry.npmjs.org/jquery-mousewheel/-/jquery-mousewheel-3.1.13.tgz",
      "integrity": "sha512-GXhSjfOPyDemM005YCEHvzrEALhKDIswtxSHSR2e4K/suHVJKJxxRCGz3skPjNxjJjQa9AVSGGlYjv1M3VLIPg=="
    },
    "node_modules/jquery-slimscroll": {
      "version": "1.3.3",
      "resolved": "https://registry.npmjs.org/jquery-slimscroll/-/jquery-slimscroll-1.3.3.tgz",
      "integrity": "sha512-dUXqixZ6oV5o+LFrYKd/fBwBLl3qlWLhMiqLpcXTibDncgcqQvUniOdhDu64UbJT7MpjNvA2dHif0BPndMk5pQ=="
    },
    "node_modules/jquery-sparkline": {
      "version": "2.3.0",
      "resolved": "https://registry.npmjs.org/jquery-sparkline/-/jquery-sparkline-2.3.0.tgz",
      "integrity": "sha512-Q9k4P14vr+nX0f5F6UFoDudXj+GZyG0pCQ1yfySUR/PIU8aeSVCGGgFMktqdtxGC0QYWY9zW1ypLgPPPdnS+gA==",
      "hasInstallScript": true,
      "dependencies": {
        "uglify-js": "^2.4.23"
      }
    },
    "node_modules/jquery-validation": {
      "version": "1.14.0",
      "resolved": "https://registry.npmjs.org/jquery-validation/-/jquery-validation-1.14.0.tgz",
      "integrity": "sha512-fzFp/dZMo6c7rnQuw9u+81Ck/PoJ3Up6poVnpUw7eZemr6kvgfmjUcKtuH71lALMIXrYPzzgQhv1VIJohPHRqw=="
    },
    "node_modules/jquery.cookiebar": {
      "version": "0.1.0",
      "resolved": "https://registry.npmjs.org/jquery.cookiebar/-/jquery.cookiebar-0.1.0.tgz",
      "integrity": "sha512-iEDOS0ifh9hwa8jsM7tV1wE/z73ZmMdA3JJjN7oGqAd6vZxtl3uzXcPoeXqaRoDr4xrMKMTZtXXknp4745Wxew=="
    },
    "node_modules/js-cookie": {
      "version": "2.0.4",
      "resolved": "https://registry.npmjs.org/js-cookie/-/js-cookie-2.0.4.tgz",
      "integrity": "sha512-Awk/KbHf6RLMxcBcOwc0WFMS5e6qcz6E/n2XrNPASmxq3nw/Ck8t0WSY5VOoj9ZuiTsj/O6CPlOy/mSXnGGuUw=="
    },
    "node_modules/kind-of": {
      "version": "3.2.2",
      "resolved": "https://registry.npmjs.org/kind-of/-/kind-of-3.2.2.tgz",
      "integrity": "sha512-NOW9QQXMoZGg/oqnVNoNTTIFEIid1627WCffUBJEdMxYApq7mNE7CpzucIPc+ZQg25Phej7IJSmX3hO+oblOtQ==",
      "dependencies": {
        "is-buffer": "^1.1.5"
      },
      "engines": {
        "node": ">=0.10.0"
      }
    },
    "node_modules/lazy-cache": {
      "version": "1.0.4",
      "resolved": "https://registry.npmjs.org/lazy-cache/-/lazy-cache-1.0.4.tgz",
      "integrity": "sha512-RE2g0b5VGZsOCFOCgP7omTRYFqydmZkBwl5oNnQ1lDYC57uyO9KqNnNVxT7COSHTxrRCWVcAVOcbjk+tvh/rgQ==",
      "engines": {
        "node": ">=0.10.0"
      }
    },
    "node_modules/longest": {
      "version": "1.0.1",
      "resolved": "https://registry.npmjs.org/longest/-/longest-1.0.1.tgz",
      "integrity": "sha512-k+yt5n3l48JU4k8ftnKG6V7u32wyH2NfKzeMto9F/QRE0amxy/LayxwlvjjkZEIzqR+19IrtFO8p5kB9QaYUFg==",
      "engines": {
        "node": ">=0.10.0"
      }
    },
    "node_modules/marked": {
      "version": "0.3.6",
      "resolved": "https://registry.npmjs.org/marked/-/marked-0.3.6.tgz",
      "integrity": "sha512-gE75oL01YUIxaBqgeGBuNNd8u0L+H1N6xeW/s+O57o5EC31aPX1M1lD4W9eGyHFJGTwOgMkqzYODZ4yp5w20gQ==",
      "bin": {
        "marked": "bin/marked"
      }
    },
    "node_modules/repeat-string": {
      "version": "1.6.1",
      "resolved": "https://registry.npmjs.org/repeat-string/-/repeat-string-1.6.1.tgz",
      "integrity": "sha512-PV0dzCYDNfRi1jCDbJzpW7jNNDRuCOG/jI5ctQcGKt/clZD+YcPS3yIlWuTJMmESC8aevCFmWJy5wjAFgNqN6w==",
      "engines": {
        "node": ">=0.10"
      }
    },
    "node_modules/right-align": {
      "version": "0.1.3",
      "resolved": "https://registry.npmjs.org/right-align/-/right-align-0.1.3.tgz",
      "integrity": "sha512-yqINtL/G7vs2v+dFIZmFUDbnVyFUJFKd6gK22Kgo6R4jfJGFtisKyncWDDULgjfqf4ASQuIQyjJ7XZ+3aWpsAg==",
      "dependencies": {
        "align-text": "^0.1.1"
      },
      "engines": {
        "node": ">=0.10.0"
      }
    },
    "node_modules/select": {
      "version": "1.1.2",
      "resolved": "https://registry.npmjs.org/select/-/select-1.1.2.tgz",
      "integrity": "sha512-OwpTSOfy6xSs1+pwcNrv0RBMOzI39Lp3qQKUTPVVPRjCdNa5JH/oPRiqsesIskK8TVgmRiHwO4KXlV2Li9dANA=="
    },
    "node_modules/select2": {
      "version": "4.0.3",
      "resolved": "https://registry.npmjs.org/select2/-/select2-4.0.3.tgz",
      "integrity": "sha512-VrrDb1ZYi+tkiqbjSQzgaQ6BcltynTfp/2gYrvV32TyvrqTOtiMzH3YlPlhtuO1y+1JDy9gc9vTznFhnsiRQVA==",
      "dependencies": {
        "almond": "~0.3.1",
        "jquery-mousewheel": "~3.1.13"
      }
    },
    "node_modules/tiny-emitter": {
      "version": "1.2.0",
      "resolved": "https://registry.npmjs.org/tiny-emitter/-/tiny-emitter-1.2.0.tgz",
      "integrity": "sha512-rWjF00inHeWtT5UbQYAXoMI4hL6TRMqohuKCsODyPYYmfAxqfMnXLsIeNrbdPEkNxlk++rojVilTnI9IVmEBtA=="
    },
    "node_modules/toastr": {
      "version": "2.1.0",
      "resolved": "https://registry.npmjs.org/toastr/-/toastr-2.1.0.tgz",
      "integrity": "sha512-3A8LQaIQndKVzaEO5uyeQa7UqKyDnus/MM+T/ZYGAn+d2oEonfRm+uJtYGvwKlKkO9xKA74EotWi8ckVeIjHoA=="
    },
    "node_modules/typeahead.js": {
      "version": "0.11.1",
      "resolved": "https://registry.npmjs.org/typeahead.js/-/typeahead.js-0.11.1.tgz",
      "integrity": "sha512-yGaLzGjVHyryZdNfrWz2NHXUwEO7hrlVmGMGCo5+6mH3nEEhcQ0Te3mK3G60uRnxfERu8twOWSU4WmwScbwhMg==",
      "dependencies": {
        "jquery": ">=1.7"
      }
    },
    "node_modules/uglify-js": {
      "version": "2.8.29",
      "resolved": "https://registry.npmjs.org/uglify-js/-/uglify-js-2.8.29.tgz",
      "integrity": "sha512-qLq/4y2pjcU3vhlhseXGGJ7VbFO4pBANu0kwl8VCa9KEI0V8VfZIx2Fy3w01iSTA/pGwKZSmu/+I4etLNDdt5w==",
      "dependencies": {
        "source-map": "~0.5.1",
        "yargs": "~3.10.0"
      },
      "bin": {
        "uglifyjs": "bin/uglifyjs"
      },
      "engines": {
        "node": ">=0.8.0"
      },
      "optionalDependencies": {
        "uglify-to-browserify": "~1.0.0"
      }
    },
    "node_modules/uglify-js/node_modules/source-map": {
      "version": "0.5.7",
      "resolved": "https://registry.npmjs.org/source-map/-/source-map-0.5.7.tgz",
      "integrity": "sha512-LbrmJOMUSdEVxIKvdcJzQC+nQhe8FUZQTXQy6+I75skNgn3OoQ0DZA8YnFa7gp8tqtL3KPf1kmo0R5DoApeSGQ==",
      "engines": {
        "node": ">=0.10.0"
      }
    },
    "node_modules/uglify-to-browserify": {
      "version": "1.0.2",
      "resolved": "https://registry.npmjs.org/uglify-to-browserify/-/uglify-to-browserify-1.0.2.tgz",
      "integrity": "sha512-vb2s1lYx2xBtUgy+ta+b2J/GLVUR+wmpINwHePmPRhOsIVCG2wDzKJ0n14GslH1BifsqVzSOwQhRaCAsZ/nI4Q==",
      "optional": true
    },
    "node_modules/waypoints": {
      "version": "4.0.1",
      "resolved": "https://registry.npmjs.org/waypoints/-/waypoints-4.0.1.tgz",
      "integrity": "sha512-PbydbsTvCFYoE1DaRAKBM4xPQi+7ULcULZ7vK79NLM55da5g46oyY62Xv9X5Z9F7O/qXmcS/XJ7Ae2pYij4bpw=="
    },
    "node_modules/window-size": {
      "version": "0.1.0",
      "resolved": "https://registry.npmjs.org/window-size/-/window-size-0.1.0.tgz",
      "integrity": "sha512-1pTPQDKTdd61ozlKGNCjhNRd+KPmgLSGa3mZTHoOliaGcESD8G1PXhh7c1fgiPjVbNVfgy2Faw4BI8/m0cC8Mg==",
      "engines": {
        "node": ">= 0.8.0"
      }
    },
    "node_modules/wordwrap": {
      "version": "0.0.2",
      "resolved": "https://registry.npmjs.org/wordwrap/-/wordwrap-0.0.2.tgz",
      "integrity": "sha512-xSBsCeh+g+dinoBv3GAOWM4LcVVO68wLXRanibtBSdUvkGWQRGeE9P7IwU9EmDDi4jA6L44lz15CGMwdw9N5+Q==",
      "engines": {
        "node": ">=0.4.0"
      }
    },
    "node_modules/yargs": {
      "version": "3.10.0",
      "resolved": "https://registry.npmjs.org/yargs/-/yargs-3.10.0.tgz",
      "integrity": "sha512-QFzUah88GAGy9lyDKGBqZdkYApt63rCXYBGYnEP4xDJPXNqXXnBDACnbrXnViV6jRSqAePwrATi2i8mfYm4L1A==",
      "dependencies": {
        "camelcase": "^1.0.2",
        "cliui": "^2.1.0",
        "decamelize": "^1.0.0",
        "window-size": "0.1.0"
      }
    }
  }
}
