{
  "name": "openvre-frontend",
  "version": "1.0.0",
  "lockfileVersion": 3,
  "requires": true,
  "packages": {
    "": {
      "name": "openvre-frontend",
      "version": "1.0.0",
      "hasInstallScript": true,
      "dependencies": {
        "jquery-blockui": "^2.7.0",
        "jquery.cookiebar": "0.0.1",
        "js-cookie": "2.0.4"
      }
    },
    "node_modules/jquery-blockui": {
      "version": "2.7.0",
      "resolved": "https://registry.npmjs.org/jquery-blockui/-/jquery-blockui-2.7.0.tgz",
      "integrity": "sha512-lOiCCNYLaqUWMhBZRQ1GkeYAt2/4jX/1g9RvLYRvVtslaplGFnBLltffNAkkavjyPk6VintTj44Ky1yWrqxEzQ=="
    },
    "node_modules/jquery.cookiebar": {
      "version": "0.0.1",
      "resolved": "https://registry.npmjs.org/jquery.cookiebar/-/jquery.cookiebar-0.0.1.tgz",
      "integrity": "sha512-n6Dgq/qgewGflKCPTUw+ISouAp0NkKhzD9yXmTamRvwWk7OxZ9YnISuhgHdhHRb5kfTSY6BKxZm3Skf55MumSQ=="
    },
    "node_modules/js-cookie": {
      "version": "2.0.4",
      "resolved": "https://registry.npmjs.org/js-cookie/-/js-cookie-2.0.4.tgz",
      "integrity": "sha512-Awk/KbHf6RLMxcBcOwc0WFMS5e6qcz6E/n2XrNPASmxq3nw/Ck8t0WSY5VOoj9ZuiTsj/O6CPlOy/mSXnGGuUw=="
    }
  }
}
