{
  "name": "openvre-frontend",
  "version": "1.0.0",
  "lockfileVersion": 3,
  "requires": true,
  "packages": {
    "": {
      "name": "openvre-frontend",
      "version": "1.0.0",
      "hasInstallScript": true,
      "dependencies": {
        "bootstrap": "3.3.6",
        "bootstrap-switch": "3.3.2",
        "clipboard": "1.5.12",
        "counterup": "1.0.0",
        "dropzone": "3.8.4",
        "easy-pie-chart": "2.1.7",
        "flot": "0.8.3",
        "font-awesome": "4.7.0",
        "jquery": "1.12.1",
        "jquery-blockui": "^2.7.0",
        "jquery-validation": "1.14.0",
        "jquery.cookiebar": "0.0.1",
        "progress-tracker": "1.4.0",
        "select2": "4.0.3",
        "simple-line-icons": "1.0.0",
        "typeahead.js": "0.11.1"
      }
    },
    "node_modules/almond": {
      "version": "0.3.3",
      "resolved": "https://registry.npmjs.org/almond/-/almond-0.3.3.tgz",
      "integrity": "sha512-Eh5QhyxrKnTI0OuGpwTRvzRrnu1NF3F2kbQJRwpXj/uMy0uycwqw2/RhdDrD1cBTD1JFFHFrxGIU8HQztowR0g==",
      "engines": {
        "node": ">=0.4.0"
      }
    },
    "node_modules/bootstrap": {
      "version": "3.3.6",
      "resolved": "https://registry.npmjs.org/bootstrap/-/bootstrap-3.3.6.tgz",
      "integrity": "sha512-XC+LTYJoVYHIalmjNcznwlZHY+YLhMJ9NPs8M2aEweugK7wMrto3h79POn7O5Vj/woDU/tjzmjyUbAd1HzSXIw==",
      "deprecated": "This version of Bootstrap is no longer supported. Please upgrade to the latest version.",
      "engines": {
        "node": ">=0.10.1"
      }
    },
    "node_modules/bootstrap-switch": {
      "version": "3.3.2",
      "resolved": "https://registry.npmjs.org/bootstrap-switch/-/bootstrap-switch-3.3.2.tgz",
      "integrity": "sha512-9ntjMDMeawsUAxp15DiO1po3kf1J8xSSENesgTLJc0j/HoB4wZ8ap8bk8LlazywDHh05E8740nue0LX2A98ZPw==",
      "dependencies": {
        "jquery": ">=1.9.0"
      }
    },
    "node_modules/clipboard": {
      "version": "1.5.12",
      "resolved": "https://registry.npmjs.org/clipboard/-/clipboard-1.5.12.tgz",
      "integrity": "sha512-2/7LvKjU4I82GCPnDw+aO54LdjXtpJKwelLf0TuwpBWp5dF0+qWD+BGaNm1tGts8faAigCKn64AoGFf3hIy8fg==",
      "dependencies": {
        "good-listener": "^1.1.6",
        "select": "^1.0.6",
        "tiny-emitter": "^1.0.0"
      }
    },
    "node_modules/counterup": {
      "version": "1.0.0",
      "resolved": "https://registry.npmjs.org/counterup/-/counterup-1.0.0.tgz",
      "integrity": "sha512-wGHMFyln9RPUFsFEQANRimgEuFUU46bQnliDLQXYKQVugi4GwN+JcnokPfAz+iboybj17DwqjnFctoYeKf0frw==",
      "dependencies": {
        "jquery": ">=1.5",
        "waypoints": ">=2.0"
      }
    },
    "node_modules/delegate": {
      "version": "3.2.0",
      "resolved": "https://registry.npmjs.org/delegate/-/delegate-3.2.0.tgz",
      "integrity": "sha512-IofjkYBZaZivn0V8nnsMJGBr4jVLxHDheKSW88PyxS5QC4Vo9ZbZVvhzlSxY87fVq3STR6r+4cGepyHkcWOQSw=="
    },
    "node_modules/dropzone": {
      "version": "3.8.4",
      "resolved": "https://registry.npmjs.org/dropzone/-/dropzone-3.8.4.tgz",
      "integrity": "sha512-sJJg40CIjaYbSgK+nio18czx92rPUDBE6fpADveP9RjCMoJZnYdJVvtsYMQVsgPOEMsxBVqxNBc7RiCoHG0byg=="
    },
    "node_modules/easy-pie-chart": {
      "version": "2.1.7",
      "resolved": "https://registry.npmjs.org/easy-pie-chart/-/easy-pie-chart-2.1.7.tgz",
      "integrity": "sha512-kf2n24kRO1/YYxGFZ5ueKjkgriLd7gq18HUj4PVmnbENW19xT/EcW3Q2X9HIlloVeEssgF2JDW+I0rzcTMofeQ=="
    },
    "node_modules/flot": {
      "version": "0.8.3",
      "resolved": "https://registry.npmjs.org/flot/-/flot-0.8.3.tgz",
      "integrity": "sha512-xg2otcTJDvS+ERK+my4wxG/ASq90QURXtoM4LhacCq0jQW2jbyjdttbRNqU2cPykrpMvJ6b2uSp6SAgYAzj9tQ=="
    },
    "node_modules/font-awesome": {
      "version": "4.7.0",
      "resolved": "https://registry.npmjs.org/font-awesome/-/font-awesome-4.7.0.tgz",
      "integrity": "sha512-U6kGnykA/6bFmg1M/oT9EkFeIYv7JlX3bozwQJWiiLz6L0w3F5vBVPxHlwyX/vtNq1ckcpRKOB9f2Qal/VtFpg==",
      "engines": {
        "node": ">=0.10.3"
      }
    },
    "node_modules/good-listener": {
      "version": "1.2.2",
      "resolved": "https://registry.npmjs.org/good-listener/-/good-listener-1.2.2.tgz",
      "integrity": "sha512-goW1b+d9q/HIwbVYZzZ6SsTr4IgE+WA44A0GmPIQstuOrgsFcT7VEJ48nmr9GaRtNu0XTKacFLGnBPAM6Afouw==",
      "dependencies": {
        "delegate": "^3.1.2"
      }
    },
    "node_modules/jquery": {
      "version": "1.12.1",
      "resolved": "https://registry.npmjs.org/jquery/-/jquery-1.12.1.tgz",
      "integrity": "sha512-mxtI+UjxLlh9HztuA/F6X/9lv8H8qRfRkZWDLQaE8ijQRLDj25OXMxyzuL34Sy7JWMfYMw2PzcmljuIigRJb2A==",
      "deprecated": "This version is deprecated. Please upgrade to the latest version or find support at https://www.herodevs.com/support/jquery-nes."
    },
    "node_modules/jquery-blockui": {
      "version": "2.7.0",
      "resolved": "https://registry.npmjs.org/jquery-blockui/-/jquery-blockui-2.7.0.tgz",
      "integrity": "sha512-lOiCCNYLaqUWMhBZRQ1GkeYAt2/4jX/1g9RvLYRvVtslaplGFnBLltffNAkkavjyPk6VintTj44Ky1yWrqxEzQ=="
    },
    "node_modules/jquery-mousewheel": {
      "version": "3.1.13",
      "resolved": "https://registry.npmjs.org/jquery-mousewheel/-/jquery-mousewheel-3.1.13.tgz",
      "integrity": "sha512-GXhSjfOPyDemM005YCEHvzrEALhKDIswtxSHSR2e4K/suHVJKJxxRCGz3skPjNxjJjQa9AVSGGlYjv1M3VLIPg=="
    },
    "node_modules/jquery-validation": {
      "version": "1.14.0",
      "resolved": "https://registry.npmjs.org/jquery-validation/-/jquery-validation-1.14.0.tgz",
      "integrity": "sha512-fzFp/dZMo6c7rnQuw9u+81Ck/PoJ3Up6poVnpUw7eZemr6kvgfmjUcKtuH71lALMIXrYPzzgQhv1VIJohPHRqw=="
    },
    "node_modules/jquery.cookiebar": {
      "version": "0.0.1",
      "resolved": "https://registry.npmjs.org/jquery.cookiebar/-/jquery.cookiebar-0.0.1.tgz",
      "integrity": "sha512-n6Dgq/qgewGflKCPTUw+ISouAp0NkKhzD9yXmTamRvwWk7OxZ9YnISuhgHdhHRb5kfTSY6BKxZm3Skf55MumSQ=="
    },
    "node_modules/progress-tracker": {
      "version": "1.4.0",
      "resolved": "https://registry.npmjs.org/progress-tracker/-/progress-tracker-1.4.0.tgz",
      "integrity": "sha512-Wddkdl/DBfvcsnW+yEkeSBCB7ZRALblSJlQ/+0xwxzhiVCKVVuODZtZxRTMCDYI51ufkbED1n1qXq69gJ2Yk6Q==",
      "engines": {
        "node": ">=4"
      }
    },
    "node_modules/select": {
      "version": "1.1.2",
      "resolved": "https://registry.npmjs.org/select/-/select-1.1.2.tgz",
      "integrity": "sha512-OwpTSOfy6xSs1+pwcNrv0RBMOzI39Lp3qQKUTPVVPRjCdNa5JH/oPRiqsesIskK8TVgmRiHwO4KXlV2Li9dANA=="
    },
    "node_modules/select2": {
      "version": "4.0.3",
      "resolved": "https://registry.npmjs.org/select2/-/select2-4.0.3.tgz",
      "integrity": "sha512-VrrDb1ZYi+tkiqbjSQzgaQ6BcltynTfp/2gYrvV32TyvrqTOtiMzH3YlPlhtuO1y+1JDy9gc9vTznFhnsiRQVA==",
      "dependencies": {
        "almond": "~0.3.1",
        "jquery-mousewheel": "~3.1.13"
      }
    },
    "node_modules/simple-line-icons": {
      "version": "1.0.0",
      "resolved": "https://registry.npmjs.org/simple-line-icons/-/simple-line-icons-1.0.0.tgz",
      "integrity": "sha512-V/PGzIIuXlXkedo2j8wK/24MpoaEAeTY8sU3qTK7lSsOu0fgeK5NET2GbyXddqrLtWseXkxCPYBjnUczAqmcGQ=="
    },
    "node_modules/tiny-emitter": {
      "version": "1.2.0",
      "resolved": "https://registry.npmjs.org/tiny-emitter/-/tiny-emitter-1.2.0.tgz",
      "integrity": "sha512-rWjF00inHeWtT5UbQYAXoMI4hL6TRMqohuKCsODyPYYmfAxqfMnXLsIeNrbdPEkNxlk++rojVilTnI9IVmEBtA=="
    },
    "node_modules/typeahead.js": {
      "version": "0.11.1",
      "resolved": "https://registry.npmjs.org/typeahead.js/-/typeahead.js-0.11.1.tgz",
      "integrity": "sha512-yGaLzGjVHyryZdNfrWz2NHXUwEO7hrlVmGMGCo5+6mH3nEEhcQ0Te3mK3G60uRnxfERu8twOWSU4WmwScbwhMg==",
      "dependencies": {
        "jquery": ">=1.7"
      }
    },
    "node_modules/waypoints": {
      "version": "4.0.1",
      "resolved": "https://registry.npmjs.org/waypoints/-/waypoints-4.0.1.tgz",
      "integrity": "sha512-PbydbsTvCFYoE1DaRAKBM4xPQi+7ULcULZ7vK79NLM55da5g46oyY62Xv9X5Z9F7O/qXmcS/XJ7Ae2pYij4bpw=="
    }
  }
}
